
Microsoft Visual Studio Solution File, Format Version 12.00
# Visual Studio Version 17
VisualStudioVersion = 17.7.34221.43
MinimumVisualStudioVersion = 10.0.40219.1
Project("{FAE04EC0-301F-11D3-BF4B-00C04F79EFBC}") = "Disomat_Modbus", "Disomat_Modbus\Disomat_Modbus.csproj", "{5EC4EAE7-04AE-44E9-9700-6E0778FE9402}"
EndProject
Global
	GlobalSection(SolutionConfigurationPlatforms) = preSolution
		Debug|Any CPU = Debug|Any CPU
		Release|Any CPU = Release|Any CPU
	EndGlobalSection
	GlobalSection(ProjectConfigurationPlatforms) = postSolution
		{5EC4EAE7-04AE-44E9-9700-6E0778FE9402}.Debug|Any CPU.ActiveCfg = Debug|Any CPU
		{5EC4EAE7-04AE-44E9-9700-6E0778FE9402}.Debug|Any CPU.Build.0 = Debug|Any CPU
		{5EC4EAE7-04AE-44E9-9700-6E0778FE9402}.Release|Any CPU.ActiveCfg = Release|Any CPU
		{5EC4EAE7-04AE-44E9-9700-6E0778FE9402}.Release|Any CPU.Build.0 = Release|Any CPU
	EndGlobalSection
	GlobalSection(SolutionProperties) = preSolution
		HideSolutionNode = FALSE
	EndGlobalSection
	GlobalSection(ExtensibilityGlobals) = postSolution
		SolutionGuid = {0F9A2B7F-2BE9-4833-A91C-BC3AD95FD498}
	EndGlobalSection
EndGlobal
